
Microsoft Visual Studio Solution File, Format Version 12.00
# Visual Studio Version 16
VisualStudioVersion = 16.0.29613.14
MinimumVisualStudioVersion = 10.0.40219.1
Project("{9A19103F-16F7-4668-BE54-9A1E7A4F7556}") = "FeatherWingSPI", "FeatherWingSPI\FeatherWingSPI.csproj", "{BF7530C4-1A8C-49F1-BF89-EE520A4E73D6}"
EndProject
Project("{2150E333-8FDC-42A3-9474-1A3956D46DE8}") = "AdaFruit", "AdaFruit", "{9CFB00C2-08BB-4CEF-99B2-59B19DE3F837}"
EndProject
Project("{9A19103F-16F7-4668-BE54-9A1E7A4F7556}") = "00.ShieldSPI", "ShieldSPI\00.ShieldSPI.csproj", "{2999A7D5-C6CA-4BBA-862A-B285BD766A3E}"
EndProject
Project("{9A19103F-16F7-4668-BE54-9A1E7A4F7556}") = "02.RegisterScan", "RegisterScan\02.RegisterScan.csproj", "{C307F441-308A-48C1-A796-823C70034C0F}"
EndProject
Project("{9A19103F-16F7-4668-BE54-9A1E7A4F7556}") = "01.RegisterRead", "RegisterRead\01.RegisterRead.csproj", "{0FA668DC-3293-4EAE-855B-B39903660B77}"
EndProject
Project("{9A19103F-16F7-4668-BE54-9A1E7A4F7556}") = "03.RegisterReadAndWrite", "RegisterReadAndWrite\03.RegisterReadAndWrite.csproj", "{B65AF300-1F0C-45BD-8A9D-40582DD37061}"
EndProject
Project("{FAE04EC0-301F-11D3-BF4B-00C04F79EFBC}") = "04.TransmitBasic", "TransmitBasic\04.TransmitBasic.csproj", "{067704D3-A105-4FCD-B102-7842A51F8EBB}"
EndProject
Project("{FAE04EC0-301F-11D3-BF4B-00C04F79EFBC}") = "ReceiveBasic", "ReceiveBasic\ReceiveBasic.csproj", "{986C5549-6EC4-4512-BC03-7AD141243E3A}"
EndProject
Global
	GlobalSection(SolutionConfigurationPlatforms) = preSolution
		Debug|Any CPU = Debug|Any CPU
		Release|Any CPU = Release|Any CPU
	EndGlobalSection
	GlobalSection(ProjectConfigurationPlatforms) = postSolution
		{BF7530C4-1A8C-49F1-BF89-EE520A4E73D6}.Debug|Any CPU.ActiveCfg = Debug|Any CPU
		{BF7530C4-1A8C-49F1-BF89-EE520A4E73D6}.Debug|Any CPU.Build.0 = Debug|Any CPU
		{BF7530C4-1A8C-49F1-BF89-EE520A4E73D6}.Debug|Any CPU.Deploy.0 = Debug|Any CPU
		{BF7530C4-1A8C-49F1-BF89-EE520A4E73D6}.Release|Any CPU.ActiveCfg = Release|Any CPU
		{BF7530C4-1A8C-49F1-BF89-EE520A4E73D6}.Release|Any CPU.Build.0 = Release|Any CPU
		{BF7530C4-1A8C-49F1-BF89-EE520A4E73D6}.Release|Any CPU.Deploy.0 = Release|Any CPU
		{2999A7D5-C6CA-4BBA-862A-B285BD766A3E}.Debug|Any CPU.ActiveCfg = Debug|Any CPU
		{2999A7D5-C6CA-4BBA-862A-B285BD766A3E}.Debug|Any CPU.Build.0 = Debug|Any CPU
		{2999A7D5-C6CA-4BBA-862A-B285BD766A3E}.Debug|Any CPU.Deploy.0 = Debug|Any CPU
		{2999A7D5-C6CA-4BBA-862A-B285BD766A3E}.Release|Any CPU.ActiveCfg = Release|Any CPU
		{2999A7D5-C6CA-4BBA-862A-B285BD766A3E}.Release|Any CPU.Build.0 = Release|Any CPU
		{2999A7D5-C6CA-4BBA-862A-B285BD766A3E}.Release|Any CPU.Deploy.0 = Release|Any CPU
		{C307F441-308A-48C1-A796-823C70034C0F}.Debug|Any CPU.ActiveCfg = Debug|Any CPU
		{C307F441-308A-48C1-A796-823C70034C0F}.Debug|Any CPU.Build.0 = Debug|Any CPU
		{C307F441-308A-48C1-A796-823C70034C0F}.Debug|Any CPU.Deploy.0 = Debug|Any CPU
		{C307F441-308A-48C1-A796-823C70034C0F}.Release|Any CPU.ActiveCfg = Release|Any CPU
		{C307F441-308A-48C1-A796-823C70034C0F}.Release|Any CPU.Build.0 = Release|Any CPU
		{C307F441-308A-48C1-A796-823C70034C0F}.Release|Any CPU.Deploy.0 = Release|Any CPU
		{0FA668DC-3293-4EAE-855B-B39903660B77}.Debug|Any CPU.ActiveCfg = Debug|Any CPU
		{0FA668DC-3293-4EAE-855B-B39903660B77}.Debug|Any CPU.Build.0 = Debug|Any CPU
		{0FA668DC-3293-4EAE-855B-B39903660B77}.Debug|Any CPU.Deploy.0 = Debug|Any CPU
		{0FA668DC-3293-4EAE-855B-B39903660B77}.Release|Any CPU.ActiveCfg = Release|Any CPU
		{0FA668DC-3293-4EAE-855B-B39903660B77}.Release|Any CPU.Build.0 = Release|Any CPU
		{0FA668DC-3293-4EAE-855B-B39903660B77}.Release|Any CPU.Deploy.0 = Release|Any CPU
		{B65AF300-1F0C-45BD-8A9D-40582DD37061}.Debug|Any CPU.ActiveCfg = Debug|Any CPU
		{B65AF300-1F0C-45BD-8A9D-40582DD37061}.Debug|Any CPU.Build.0 = Debug|Any CPU
		{B65AF300-1F0C-45BD-8A9D-40582DD37061}.Debug|Any CPU.Deploy.0 = Debug|Any CPU
		{B65AF300-1F0C-45BD-8A9D-40582DD37061}.Release|Any CPU.ActiveCfg = Release|Any CPU
		{B65AF300-1F0C-45BD-8A9D-40582DD37061}.Release|Any CPU.Build.0 = Release|Any CPU
		{B65AF300-1F0C-45BD-8A9D-40582DD37061}.Release|Any CPU.Deploy.0 = Release|Any CPU
		{067704D3-A105-4FCD-B102-7842A51F8EBB}.Debug|Any CPU.ActiveCfg = Debug|Any CPU
		{067704D3-A105-4FCD-B102-7842A51F8EBB}.Debug|Any CPU.Build.0 = Debug|Any CPU
		{067704D3-A105-4FCD-B102-7842A51F8EBB}.Debug|Any CPU.Deploy.0 = Debug|Any CPU
		{067704D3-A105-4FCD-B102-7842A51F8EBB}.Release|Any CPU.ActiveCfg = Release|Any CPU
		{067704D3-A105-4FCD-B102-7842A51F8EBB}.Release|Any CPU.Build.0 = Release|Any CPU
		{067704D3-A105-4FCD-B102-7842A51F8EBB}.Release|Any CPU.Deploy.0 = Release|Any CPU
		{986C5549-6EC4-4512-BC03-7AD141243E3A}.Debug|Any CPU.ActiveCfg = Debug|Any CPU
		{986C5549-6EC4-4512-BC03-7AD141243E3A}.Debug|Any CPU.Build.0 = Debug|Any CPU
		{986C5549-6EC4-4512-BC03-7AD141243E3A}.Debug|Any CPU.Deploy.0 = Debug|Any CPU
		{986C5549-6EC4-4512-BC03-7AD141243E3A}.Release|Any CPU.ActiveCfg = Release|Any CPU
		{986C5549-6EC4-4512-BC03-7AD141243E3A}.Release|Any CPU.Build.0 = Release|Any CPU
		{986C5549-6EC4-4512-BC03-7AD141243E3A}.Release|Any CPU.Deploy.0 = Release|Any CPU
	EndGlobalSection
	GlobalSection(SolutionProperties) = preSolution
		HideSolutionNode = FALSE
	EndGlobalSection
	GlobalSection(NestedProjects) = preSolution
		{BF7530C4-1A8C-49F1-BF89-EE520A4E73D6} = {9CFB00C2-08BB-4CEF-99B2-59B19DE3F837}
	EndGlobalSection
	GlobalSection(ExtensibilityGlobals) = postSolution
		SolutionGuid = {3B07FF24-FCAA-4E28-962F-B5C949331C00}
	EndGlobalSection
EndGlobal
